{
  "name": "@matra/html",
  "version": "0.1.0",
  "lockfileVersion": 3,
  "requires": true,
  "packages": {
    "": {
      "name": "@matra/html",
      "version": "0.1.0",
      "license": "MIT",
      "devDependencies": {
        "@matra/core": "^0.1.1",
        "typescript": "^5.9.3"
      },
      "peerDependencies": {
        "@matra/core": "^0.1.0"
      },
      "peerDependenciesMeta": {
        "@matra/core": {
          "optional": true
        }
      }
    },
    "node_modules/@matra/core": {
      "version": "0.1.1",
      "resolved": "https://registry.npmjs.org/@matra/core/-/core-0.1.1.tgz",
      "integrity": "sha512-DWfA4wgurNtoTALJnQiF9Gd7rm4zMsgjBTKiGx856vSh0Lcl+jXUuMr1rckuPsVUyxDnXCu4NciiDZQVa1dbgg==",
      "dev": true,
      "license": "MIT",
      "workspaces": [
        "matra-html"
      ]
    },
    "node_modules/typescript": {
      "version": "5.9.3",
      "dev": true,
      "license": "Apache-2.0",
      "bin": {
        "tsc": "bin/tsc",
        "tsserver": "bin/tsserver"
      },
      "engines": {
        "node": ">=14.17"
      }
    }
  }
}
